
Microsoft Visual Studio Solution File, Format Version 12.00
# Visual Studio Version 17
VisualStudioVersion = 17.1.32421.90
MinimumVisualStudioVersion = 10.0.40219.1
Project("{2150E333-8FDC-42A3-9474-1A3956D46DE8}") = "src", "src", "{CE59F6FC-1501-4E25-814A-52B0E0C677C7}"
EndProject
Project("{2150E333-8FDC-42A3-9474-1A3956D46DE8}") = "Building Blocks", "Building Blocks", "{117A9589-2568-4766-8D6F-6A5E1F0E5C42}"
EndProject
Project("{2150E333-8FDC-42A3-9474-1A3956D46DE8}") = "Services", "Services", "{D6AEADC0-0DC2-4BF1-9305-436814FC0EE6}"
EndProject
Project("{2150E333-8FDC-42A3-9474-1A3956D46DE8}") = "Core", "Core", "{4F41812C-6330-4B49-A5B0-CC7012E2BE45}"
EndProject
Project("{9A19103F-16F7-4668-BE54-9A1E7A4F7556}") = "Core", "src\building blocks\Core\Core.csproj", "{F1468795-2BF8-47D6-A2D5-676713CAB112}"
EndProject
Project("{2150E333-8FDC-42A3-9474-1A3956D46DE8}") = "Services", "Services", "{60924242-29A8-4198-81FB-7F9705A6B2C1}"
EndProject
Project("{9A19103F-16F7-4668-BE54-9A1E7A4F7556}") = "WebAPI.Core", "src\building blocks\WebAPI.Core\WebAPI.Core.csproj", "{FD20E369-FC17-48F1-BA94-2BDB9ED9EE2F}"
EndProject
Project("{2150E333-8FDC-42A3-9474-1A3956D46DE8}") = "MessageBus", "MessageBus", "{99AB4AF0-CDF2-4D8B-94AC-03B210B47E60}"
EndProject
Project("{9A19103F-16F7-4668-BE54-9A1E7A4F7556}") = "MessageBus", "src\building blocks\MessageBus\MessageBus.csproj", "{9BC437B3-3CE2-455B-9E4E-30BA2955E116}"
EndProject
Project("{2150E333-8FDC-42A3-9474-1A3956D46DE8}") = "ApiGateways", "ApiGateways", "{4873EADB-8F34-40A3-9FF4-68591BD8490C}"
EndProject
Project("{2150E333-8FDC-42A3-9474-1A3956D46DE8}") = "Web", "Web", "{FEDE6DE9-8959-4E0F-A4D1-814391EF7CE7}"
EndProject
Project("{9A19103F-16F7-4668-BE54-9A1E7A4F7556}") = "Bff.Web", "src\api gateways\Bff.Web\Bff.Web.csproj", "{039CEF58-DEFA-441E-AC7D-23FAE492A3D2}"
EndProject
Project("{2150E333-8FDC-42A3-9474-1A3956D46DE8}") = "Catalogo", "Catalogo", "{5C5E7655-BD2F-4EEB-913A-5D93C5982297}"
EndProject
Project("{2150E333-8FDC-42A3-9474-1A3956D46DE8}") = "Cliente", "Cliente", "{08185474-FF14-4775-B070-FB62EBA787DE}"
EndProject
Project("{2150E333-8FDC-42A3-9474-1A3956D46DE8}") = "Email", "Email", "{68F5D595-AEA7-430E-8401-FA79FA810763}"
EndProject
Project("{9A19103F-16F7-4668-BE54-9A1E7A4F7556}") = "Email", "src\building blocks\Email\Email.csproj", "{483D569D-6D22-4123-B756-409760F8D589}"
EndProject
Project("{9A19103F-16F7-4668-BE54-9A1E7A4F7556}") = "Catalogo.API", "src\services\Catalogo.API\Catalogo.API.csproj", "{82B63066-8745-4AF5-BEBE-E3257FB2F41F}"
EndProject
Project("{9A19103F-16F7-4668-BE54-9A1E7A4F7556}") = "Cliente.API", "src\services\Cliente.API\Cliente.API.csproj", "{C2914E11-774E-4BE4-9249-8B6A2BBC5338}"
EndProject
Project("{2150E333-8FDC-42A3-9474-1A3956D46DE8}") = "Workers", "Workers", "{1CE7D01E-4161-427A-86FE-3A2B95CF961F}"
EndProject
Project("{9A19103F-16F7-4668-BE54-9A1E7A4F7556}") = "ProcessarProposta.Worker", "src\workers\ProcessarProposta.Worker\ProcessarProposta.Worker.csproj", "{829BE126-0DAF-4D16-A2DF-9D25B7803FFF}"
EndProject
Global
	GlobalSection(SolutionConfigurationPlatforms) = preSolution
		Debug|Any CPU = Debug|Any CPU
		Release|Any CPU = Release|Any CPU
	EndGlobalSection
	GlobalSection(ProjectConfigurationPlatforms) = postSolution
		{F1468795-2BF8-47D6-A2D5-676713CAB112}.Debug|Any CPU.ActiveCfg = Debug|Any CPU
		{F1468795-2BF8-47D6-A2D5-676713CAB112}.Debug|Any CPU.Build.0 = Debug|Any CPU
		{F1468795-2BF8-47D6-A2D5-676713CAB112}.Release|Any CPU.ActiveCfg = Release|Any CPU
		{F1468795-2BF8-47D6-A2D5-676713CAB112}.Release|Any CPU.Build.0 = Release|Any CPU
		{FD20E369-FC17-48F1-BA94-2BDB9ED9EE2F}.Debug|Any CPU.ActiveCfg = Debug|Any CPU
		{FD20E369-FC17-48F1-BA94-2BDB9ED9EE2F}.Debug|Any CPU.Build.0 = Debug|Any CPU
		{FD20E369-FC17-48F1-BA94-2BDB9ED9EE2F}.Release|Any CPU.ActiveCfg = Release|Any CPU
		{FD20E369-FC17-48F1-BA94-2BDB9ED9EE2F}.Release|Any CPU.Build.0 = Release|Any CPU
		{9BC437B3-3CE2-455B-9E4E-30BA2955E116}.Debug|Any CPU.ActiveCfg = Debug|Any CPU
		{9BC437B3-3CE2-455B-9E4E-30BA2955E116}.Debug|Any CPU.Build.0 = Debug|Any CPU
		{9BC437B3-3CE2-455B-9E4E-30BA2955E116}.Release|Any CPU.ActiveCfg = Release|Any CPU
		{9BC437B3-3CE2-455B-9E4E-30BA2955E116}.Release|Any CPU.Build.0 = Release|Any CPU
		{039CEF58-DEFA-441E-AC7D-23FAE492A3D2}.Debug|Any CPU.ActiveCfg = Debug|Any CPU
		{039CEF58-DEFA-441E-AC7D-23FAE492A3D2}.Debug|Any CPU.Build.0 = Debug|Any CPU
		{039CEF58-DEFA-441E-AC7D-23FAE492A3D2}.Release|Any CPU.ActiveCfg = Release|Any CPU
		{039CEF58-DEFA-441E-AC7D-23FAE492A3D2}.Release|Any CPU.Build.0 = Release|Any CPU
		{483D569D-6D22-4123-B756-409760F8D589}.Debug|Any CPU.ActiveCfg = Debug|Any CPU
		{483D569D-6D22-4123-B756-409760F8D589}.Debug|Any CPU.Build.0 = Debug|Any CPU
		{483D569D-6D22-4123-B756-409760F8D589}.Release|Any CPU.ActiveCfg = Release|Any CPU
		{483D569D-6D22-4123-B756-409760F8D589}.Release|Any CPU.Build.0 = Release|Any CPU
		{82B63066-8745-4AF5-BEBE-E3257FB2F41F}.Debug|Any CPU.ActiveCfg = Debug|Any CPU
		{82B63066-8745-4AF5-BEBE-E3257FB2F41F}.Debug|Any CPU.Build.0 = Debug|Any CPU
		{82B63066-8745-4AF5-BEBE-E3257FB2F41F}.Release|Any CPU.ActiveCfg = Release|Any CPU
		{82B63066-8745-4AF5-BEBE-E3257FB2F41F}.Release|Any CPU.Build.0 = Release|Any CPU
		{C2914E11-774E-4BE4-9249-8B6A2BBC5338}.Debug|Any CPU.ActiveCfg = Debug|Any CPU
		{C2914E11-774E-4BE4-9249-8B6A2BBC5338}.Debug|Any CPU.Build.0 = Debug|Any CPU
		{C2914E11-774E-4BE4-9249-8B6A2BBC5338}.Release|Any CPU.ActiveCfg = Release|Any CPU
		{C2914E11-774E-4BE4-9249-8B6A2BBC5338}.Release|Any CPU.Build.0 = Release|Any CPU
		{829BE126-0DAF-4D16-A2DF-9D25B7803FFF}.Debug|Any CPU.ActiveCfg = Debug|Any CPU
		{829BE126-0DAF-4D16-A2DF-9D25B7803FFF}.Debug|Any CPU.Build.0 = Debug|Any CPU
		{829BE126-0DAF-4D16-A2DF-9D25B7803FFF}.Release|Any CPU.ActiveCfg = Release|Any CPU
		{829BE126-0DAF-4D16-A2DF-9D25B7803FFF}.Release|Any CPU.Build.0 = Release|Any CPU
	EndGlobalSection
	GlobalSection(SolutionProperties) = preSolution
		HideSolutionNode = FALSE
	EndGlobalSection
	GlobalSection(NestedProjects) = preSolution
		{117A9589-2568-4766-8D6F-6A5E1F0E5C42} = {CE59F6FC-1501-4E25-814A-52B0E0C677C7}
		{D6AEADC0-0DC2-4BF1-9305-436814FC0EE6} = {CE59F6FC-1501-4E25-814A-52B0E0C677C7}
		{4F41812C-6330-4B49-A5B0-CC7012E2BE45} = {117A9589-2568-4766-8D6F-6A5E1F0E5C42}
		{F1468795-2BF8-47D6-A2D5-676713CAB112} = {4F41812C-6330-4B49-A5B0-CC7012E2BE45}
		{60924242-29A8-4198-81FB-7F9705A6B2C1} = {117A9589-2568-4766-8D6F-6A5E1F0E5C42}
		{FD20E369-FC17-48F1-BA94-2BDB9ED9EE2F} = {60924242-29A8-4198-81FB-7F9705A6B2C1}
		{99AB4AF0-CDF2-4D8B-94AC-03B210B47E60} = {117A9589-2568-4766-8D6F-6A5E1F0E5C42}
		{9BC437B3-3CE2-455B-9E4E-30BA2955E116} = {99AB4AF0-CDF2-4D8B-94AC-03B210B47E60}
		{4873EADB-8F34-40A3-9FF4-68591BD8490C} = {CE59F6FC-1501-4E25-814A-52B0E0C677C7}
		{FEDE6DE9-8959-4E0F-A4D1-814391EF7CE7} = {4873EADB-8F34-40A3-9FF4-68591BD8490C}
		{039CEF58-DEFA-441E-AC7D-23FAE492A3D2} = {FEDE6DE9-8959-4E0F-A4D1-814391EF7CE7}
		{5C5E7655-BD2F-4EEB-913A-5D93C5982297} = {D6AEADC0-0DC2-4BF1-9305-436814FC0EE6}
		{08185474-FF14-4775-B070-FB62EBA787DE} = {D6AEADC0-0DC2-4BF1-9305-436814FC0EE6}
		{68F5D595-AEA7-430E-8401-FA79FA810763} = {117A9589-2568-4766-8D6F-6A5E1F0E5C42}
		{483D569D-6D22-4123-B756-409760F8D589} = {68F5D595-AEA7-430E-8401-FA79FA810763}
		{82B63066-8745-4AF5-BEBE-E3257FB2F41F} = {5C5E7655-BD2F-4EEB-913A-5D93C5982297}
		{C2914E11-774E-4BE4-9249-8B6A2BBC5338} = {08185474-FF14-4775-B070-FB62EBA787DE}
		{1CE7D01E-4161-427A-86FE-3A2B95CF961F} = {CE59F6FC-1501-4E25-814A-52B0E0C677C7}
		{829BE126-0DAF-4D16-A2DF-9D25B7803FFF} = {1CE7D01E-4161-427A-86FE-3A2B95CF961F}
	EndGlobalSection
	GlobalSection(ExtensibilityGlobals) = postSolution
		SolutionGuid = {5636683D-9745-4645-8DF8-3834F35F791B}
	EndGlobalSection
EndGlobal
