
Microsoft Visual Studio Solution File, Format Version 12.00
# Visual Studio Version 17
VisualStudioVersion = 17.1.32421.90
MinimumVisualStudioVersion = 10.0.40219.1
Project("{9A19103F-16F7-4668-BE54-9A1E7A4F7556}") = "SEG.Cobranca.API", "SEG.Cobranca.API.csproj", "{9D33A4BD-BD99-45E5-AA61-9E31C6EC56A6}"
EndProject
Global
	GlobalSection(SolutionConfigurationPlatforms) = preSolution
		Debug|Any CPU = Debug|Any CPU
		Release|Any CPU = Release|Any CPU
	EndGlobalSection
	GlobalSection(ProjectConfigurationPlatforms) = postSolution
		{9D33A4BD-BD99-45E5-AA61-9E31C6EC56A6}.Debug|Any CPU.ActiveCfg = Debug|Any CPU
		{9D33A4BD-BD99-45E5-AA61-9E31C6EC56A6}.Debug|Any CPU.Build.0 = Debug|Any CPU
		{9D33A4BD-BD99-45E5-AA61-9E31C6EC56A6}.Release|Any CPU.ActiveCfg = Release|Any CPU
		{9D33A4BD-BD99-45E5-AA61-9E31C6EC56A6}.Release|Any CPU.Build.0 = Release|Any CPU
	EndGlobalSection
	GlobalSection(SolutionProperties) = preSolution
		HideSolutionNode = FALSE
	EndGlobalSection
	GlobalSection(ExtensibilityGlobals) = postSolution
		SolutionGuid = {F0E120B5-2F58-461A-BA9E-751A60AE727B}
	EndGlobalSection
EndGlobal
